// !$*UTF8*$!
{
	archiveVersion = 1;
	classes = {
	};
	objectVersion = 46;
	objects = {

/* Begin PBXBuildFile section */
		CE427F9D1CCA0CD500F9D8D8 /* AppDelegate.swift in Sources */ = {isa = PBXBuildFile; fileRef = CE427F9C1CCA0CD500F9D8D8 /* AppDelegate.swift */; };
		CE427F9F1CCA0CD500F9D8D8 /* ViewController.swift in Sources */ = {isa = PBXBuildFile; fileRef = CE427F9E1CCA0CD500F9D8D8 /* ViewController.swift */; };
		CE427FA21CCA0CD500F9D8D8 /* Main.storyboard in Resources */ = {isa = PBXBuildFile; fileRef = CE427FA01CCA0CD500F9D8D8 /* Main.storyboard */; };
		CE427FA41CCA0CD500F9D8D8 /* Assets.xcassets in Resources */ = {isa = PBXBuildFile; fileRef = CE427FA31CCA0CD500F9D8D8 /* Assets.xcassets */; };
		CE427FA71CCA0CD500F9D8D8 /* LaunchScreen.storyboard in Resources */ = {isa = PBXBuildFile; fileRef = CE427FA51CCA0CD500F9D8D8 /* LaunchScreen.storyboard */; };
		CE427FB21CCA0CD500F9D8D8 /* PhotosGalleryTestTests.swift in Sources */ = {isa = PBXBuildFile; fileRef = CE427FB11CCA0CD500F9D8D8 /* PhotosGalleryTestTests.swift */; };
		CE427FBD1CCA0CD500F9D8D8 /* PhotosGalleryTestUITests.swift in Sources */ = {isa = PBXBuildFile; fileRef = CE427FBC1CCA0CD500F9D8D8 /* PhotosGalleryTestUITests.swift */; };
		CE427FCB1CCA0FE400F9D8D8 /* Cell.swift in Sources */ = {isa = PBXBuildFile; fileRef = CE427FCA1CCA0FE400F9D8D8 /* Cell.swift */; };
		CE427FCD1CCA135600F9D8D8 /* p2.jpg in Resources */ = {isa = PBXBuildFile; fileRef = CE427FCC1CCA135600F9D8D8 /* p2.jpg */; };
		CE427FCF1CCA136200F9D8D8 /* p1.jpg in Resources */ = {isa = PBXBuildFile; fileRef = CE427FCE1CCA136200F9D8D8 /* p1.jpg */; };
/* End PBXBuildFile section */

/* Begin PBXContainerItemProxy section */
		CE427FAE1CCA0CD500F9D8D8 /* PBXContainerItemProxy */ = {
			isa = PBXContainerItemProxy;
			containerPortal = CE427F911CCA0CD500F9D8D8 /* Project object */;
			proxyType = 1;
			remoteGlobalIDString = CE427F981CCA0CD500F9D8D8;
			remoteInfo = PhotosGalleryTest;
		};
		CE427FB91CCA0CD500F9D8D8 /* PBXContainerItemProxy */ = {
			isa = PBXContainerItemProxy;
			containerPortal = CE427F911CCA0CD500F9D8D8 /* Project object */;
			proxyType = 1;
			remoteGlobalIDString = CE427F981CCA0CD500F9D8D8;
			remoteInfo = PhotosGalleryTest;
		};
/* End PBXContainerItemProxy section */

/* Begin PBXFileReference section */
		CE427F991CCA0CD500F9D8D8 /* PhotosGalleryTest.app */ = {isa = PBXFileReference; explicitFileType = wrapper.application; includeInIndex = 0; path = PhotosGalleryTest.app; sourceTree = BUILT_PRODUCTS_DIR; };
		CE427F9C1CCA0CD500F9D8D8 /* AppDelegate.swift */ = {isa = PBXFileReference; lastKnownFileType = sourcecode.swift; path = AppDelegate.swift; sourceTree = "<group>"; };
		CE427F9E1CCA0CD500F9D8D8 /* ViewController.swift */ = {isa = PBXFileReference; lastKnownFileType = sourcecode.swift; path = ViewController.swift; sourceTree = "<group>"; };
		CE427FA11CCA0CD500F9D8D8 /* Base */ = {isa = PBXFileReference; lastKnownFileType = file.storyboard; name = Base; path = Base.lproj/Main.storyboard; sourceTree = "<group>"; };
		CE427FA31CCA0CD500F9D8D8 /* Assets.xcassets */ = {isa = PBXFileReference; lastKnownFileType = folder.assetcatalog; path = Assets.xcassets; sourceTree = "<group>"; };
		CE427FA61CCA0CD500F9D8D8 /* Base */ = {isa = PBXFileReference; lastKnownFileType = file.storyboard; name = Base; path = Base.lproj/LaunchScreen.storyboard; sourceTree = "<group>"; };
		CE427FA81CCA0CD500F9D8D8 /* Info.plist */ = {isa = PBXFileReference; lastKnownFileType = text.plist.xml; path = Info.plist; sourceTree = "<group>"; };
		CE427FAD1CCA0CD500F9D8D8 /* PhotosGalleryTestTests.xctest */ = {isa = PBXFileReference; explicitFileType = wrapper.cfbundle; includeInIndex = 0; path = PhotosGalleryTestTests.xctest; sourceTree = BUILT_PRODUCTS_DIR; };
		CE427FB11CCA0CD500F9D8D8 /* PhotosGalleryTestTests.swift */ = {isa = PBXFileReference; lastKnownFileType = sourcecode.swift; path = PhotosGalleryTestTests.swift; sourceTree = "<group>"; };
		CE427FB31CCA0CD500F9D8D8 /* Info.plist */ = {isa = PBXFileReference; lastKnownFileType = text.plist.xml; path = Info.plist; sourceTree = "<group>"; };
		CE427FB81CCA0CD500F9D8D8 /* PhotosGalleryTestUITests.xctest */ = {isa = PBXFileReference; explicitFileType = wrapper.cfbundle; includeInIndex = 0; path = PhotosGalleryTestUITests.xctest; sourceTree = BUILT_PRODUCTS_DIR; };
		CE427FBC1CCA0CD500F9D8D8 /* PhotosGalleryTestUITests.swift */ = {isa = PBXFileReference; lastKnownFileType = sourcecode.swift; path = PhotosGalleryTestUITests.swift; sourceTree = "<group>"; };
		CE427FBE1CCA0CD500F9D8D8 /* Info.plist */ = {isa = PBXFileReference; lastKnownFileType = text.plist.xml; path = Info.plist; sourceTree = "<group>"; };
		CE427FCA1CCA0FE400F9D8D8 /* Cell.swift */ = {isa = PBXFileReference; fileEncoding = 4; lastKnownFileType = sourcecode.swift; path = Cell.swift; sourceTree = "<group>"; };
		CE427FCC1CCA135600F9D8D8 /* p2.jpg */ = {isa = PBXFileReference; lastKnownFileType = image.jpeg; path = p2.jpg; sourceTree = "<group>"; };
		CE427FCE1CCA136200F9D8D8 /* p1.jpg */ = {isa = PBXFileReference; lastKnownFileType = image.jpeg; path = p1.jpg; sourceTree = "<group>"; };
/* End PBXFileReference section */

/* Begin PBXFrameworksBuildPhase section */
		CE427F961CCA0CD500F9D8D8 /* Frameworks */ = {
			isa = PBXFrameworksBuildPhase;
			buildActionMask = 2147483647;
			files = (
			);
			runOnlyForDeploymentPostprocessing = 0;
		};
		CE427FAA1CCA0CD500F9D8D8 /* Frameworks */ = {
			isa = PBXFrameworksBuildPhase;
			buildActionMask = 2147483647;
			files = (
			);
			runOnlyForDeploymentPostprocessing = 0;
		};
		CE427FB51CCA0CD500F9D8D8 /* Frameworks */ = {
			isa = PBXFrameworksBuildPhase;
			buildActionMask = 2147483647;
			files = (
			);
			runOnlyForDeploymentPostprocessing = 0;
		};
/* End PBXFrameworksBuildPhase section */

/* Begin PBXGroup section */
		CE427F901CCA0CD500F9D8D8 = {
			isa = PBXGroup;
			children = (
				CE427F9B1CCA0CD500F9D8D8 /* PhotosGalleryTest */,
				CE427FB01CCA0CD500F9D8D8 /* PhotosGalleryTestTests */,
				CE427FBB1CCA0CD500F9D8D8 /* PhotosGalleryTestUITests */,
				CE427F9A1CCA0CD500F9D8D8 /* Products */,
			);
			sourceTree = "<group>";
		};
		CE427F9A1CCA0CD500F9D8D8 /* Products */ = {
			isa = PBXGroup;
			children = (
				CE427F991CCA0CD500F9D8D8 /* PhotosGalleryTest.app */,
				CE427FAD1CCA0CD500F9D8D8 /* PhotosGalleryTestTests.xctest */,
				CE427FB81CCA0CD500F9D8D8 /* PhotosGalleryTestUITests.xctest */,
			);
			name = Products;
			sourceTree = "<group>";
		};
		CE427F9B1CCA0CD500F9D8D8 /* PhotosGalleryTest */ = {
			isa = PBXGroup;
			children = (
				CE427F9C1CCA0CD500F9D8D8 /* AppDelegate.swift */,
				CE427F9E1CCA0CD500F9D8D8 /* ViewController.swift */,
				CE427FCA1CCA0FE400F9D8D8 /* Cell.swift */,
				CE427FA01CCA0CD500F9D8D8 /* Main.storyboard */,
				CE427FCE1CCA136200F9D8D8 /* p1.jpg */,
				CE427FCC1CCA135600F9D8D8 /* p2.jpg */,
				CE427FA31CCA0CD500F9D8D8 /* Assets.xcassets */,
				CE427FA51CCA0CD500F9D8D8 /* LaunchScreen.storyboard */,
				CE427FA81CCA0CD500F9D8D8 /* Info.plist */,
			);
			path = PhotosGalleryTest;
			sourceTree = "<group>";
		};
		CE427FB01CCA0CD500F9D8D8 /* PhotosGalleryTestTests */ = {
			isa = PBXGroup;
			children = (
				CE427FB11CCA0CD500F9D8D8 /* PhotosGalleryTestTests.swift */,
				CE427FB31CCA0CD500F9D8D8 /* Info.plist */,
			);
			path = PhotosGalleryTestTests;
			sourceTree = "<group>";
		};
		CE427FBB1CCA0CD500F9D8D8 /* PhotosGalleryTestUITests */ = {
			isa = PBXGroup;
			children = (
				CE427FBC1CCA0CD500F9D8D8 /* PhotosGalleryTestUITests.swift */,
				CE427FBE1CCA0CD500F9D8D8 /* Info.plist */,
			);
			path = PhotosGalleryTestUITests;
			sourceTree = "<group>";
		};
/* End PBXGroup section */

/* Begin PBXNativeTarget section */
		CE427F981CCA0CD500F9D8D8 /* PhotosGalleryTest */ = {
			isa = PBXNativeTarget;
			buildConfigurationList = CE427FC11CCA0CD500F9D8D8 /* Build configuration list for PBXNativeTarget "PhotosGalleryTest" */;
			buildPhases = (
				CE427F951CCA0CD500F9D8D8 /* Sources */,
				CE427F961CCA0CD500F9D8D8 /* Frameworks */,
				CE427F971CCA0CD500F9D8D8 /* Resources */,
			);
			buildRules = (
			);
			dependencies = (
			);
			name = PhotosGalleryTest;
			productName = PhotosGalleryTest;
			productReference = CE427F991CCA0CD500F9D8D8 /* PhotosGalleryTest.app */;
			productType = "com.apple.product-type.application";
		};
		CE427FAC1CCA0CD500F9D8D8 /* PhotosGalleryTestTests */ = {
			isa = PBXNativeTarget;
			buildConfigurationList = CE427FC41CCA0CD500F9D8D8 /* Build configuration list for PBXNativeTarget "PhotosGalleryTestTests" */;
			buildPhases = (
				CE427FA91CCA0CD500F9D8D8 /* Sources */,
				CE427FAA1CCA0CD500F9D8D8 /* Frameworks */,
				CE427FAB1CCA0CD500F9D8D8 /* Resources */,
			);
			buildRules = (
			);
			dependencies = (
				CE427FAF1CCA0CD500F9D8D8 /* PBXTargetDependency */,
			);
			name = PhotosGalleryTestTests;
			productName = PhotosGalleryTestTests;
			productReference = CE427FAD1CCA0CD500F9D8D8 /* PhotosGalleryTestTests.xctest */;
			productType = "com.apple.product-type.bundle.unit-test";
		};
		CE427FB71CCA0CD500F9D8D8 /* PhotosGalleryTestUITests */ = {
			isa = PBXNativeTarget;
			buildConfigurationList = CE427FC71CCA0CD500F9D8D8 /* Build configuration list for PBXNativeTarget "PhotosGalleryTestUITests" */;
			buildPhases = (
				CE427FB41CCA0CD500F9D8D8 /* Sources */,
				CE427FB51CCA0CD500F9D8D8 /* Frameworks */,
				CE427FB61CCA0CD500F9D8D8 /* Resources */,
			);
			buildRules = (
			);
			dependencies = (
				CE427FBA1CCA0CD500F9D8D8 /* PBXTargetDependency */,
			);
			name = PhotosGalleryTestUITests;
			productName = PhotosGalleryTestUITests;
			productReference = CE427FB81CCA0CD500F9D8D8 /* PhotosGalleryTestUITests.xctest */;
			productType = "com.apple.product-type.bundle.ui-testing";
		};
/* End PBXNativeTarget section */

/* Begin PBXProject section */
		CE427F911CCA0CD500F9D8D8 /* Project object */ = {
			isa = PBXProject;
			attributes = {
				LastSwiftUpdateCheck = 0730;
				LastUpgradeCheck = 0730;
				ORGANIZATIONNAME = terryyamg;
				TargetAttributes = {
					CE427F981CCA0CD500F9D8D8 = {
						CreatedOnToolsVersion = 7.3;
					};
					CE427FAC1CCA0CD500F9D8D8 = {
						CreatedOnToolsVersion = 7.3;
						TestTargetID = CE427F981CCA0CD500F9D8D8;
					};
					CE427FB71CCA0CD500F9D8D8 = {
						CreatedOnToolsVersion = 7.3;
						TestTargetID = CE427F981CCA0CD500F9D8D8;
					};
				};
			};
			buildConfigurationList = CE427F941CCA0CD500F9D8D8 /* Build configuration list for PBXProject "PhotosGalleryTest" */;
			compatibilityVersion = "Xcode 3.2";
			developmentRegion = English;
			hasScannedForEncodings = 0;
			knownRegions = (
				en,
				Base,
			);
			mainGroup = CE427F901CCA0CD500F9D8D8;
			productRefGroup = CE427F9A1CCA0CD500F9D8D8 /* Products */;
			projectDirPath = "";
			projectRoot = "";
			targets = (
				CE427F981CCA0CD500F9D8D8 /* PhotosGalleryTest */,
				CE427FAC1CCA0CD500F9D8D8 /* PhotosGalleryTestTests */,
				CE427FB71CCA0CD500F9D8D8 /* PhotosGalleryTestUITests */,
			);
		};
/* End PBXProject section */

/* Begin PBXResourcesBuildPhase section */
		CE427F971CCA0CD500F9D8D8 /* Resources */ = {
			isa = PBXResourcesBuildPhase;
			buildActionMask = 2147483647;
			files = (
				CE427FCF1CCA136200F9D8D8 /* p1.jpg in Resources */,
				CE427FA71CCA0CD500F9D8D8 /* LaunchScreen.storyboard in Resources */,
				CE427FA41CCA0CD500F9D8D8 /* Assets.xcassets in Resources */,
				CE427FA21CCA0CD500F9D8D8 /* Main.storyboard in Resources */,
				CE427FCD1CCA135600F9D8D8 /* p2.jpg in Resources */,
			);
			runOnlyForDeploymentPostprocessing = 0;
		};
		CE427FAB1CCA0CD500F9D8D8 /* Resources */ = {
			isa = PBXResourcesBuildPhase;
			buildActionMask = 2147483647;
			files = (
			);
			runOnlyForDeploymentPostprocessing = 0;
		};
		CE427FB61CCA0CD500F9D8D8 /* Resources */ = {
			isa = PBXResourcesBuildPhase;
			buildActionMask = 2147483647;
			files = (
			);
			runOnlyForDeploymentPostprocessing = 0;
		};
/* End PBXResourcesBuildPhase section */

/* Begin PBXSourcesBuildPhase section */
		CE427F951CCA0CD500F9D8D8 /* Sources */ = {
			isa = PBXSourcesBuildPhase;
			buildActionMask = 2147483647;
			files = (
				CE427F9F1CCA0CD500F9D8D8 /* ViewController.swift in Sources */,
				CE427F9D1CCA0CD500F9D8D8 /* AppDelegate.swift in Sources */,
				CE427FCB1CCA0FE400F9D8D8 /* Cell.swift in Sources */,
			);
			runOnlyForDeploymentPostprocessing = 0;
		};
		CE427FA91CCA0CD500F9D8D8 /* Sources */ = {
			isa = PBXSourcesBuildPhase;
			buildActionMask = 2147483647;
			files = (
				CE427FB21CCA0CD500F9D8D8 /* PhotosGalleryTestTests.swift in Sources */,
			);
			runOnlyForDeploymentPostprocessing = 0;
		};
		CE427FB41CCA0CD500F9D8D8 /* Sources */ = {
			isa = PBXSourcesBuildPhase;
			buildActionMask = 2147483647;
			files = (
				CE427FBD1CCA0CD500F9D8D8 /* PhotosGalleryTestUITests.swift in Sources */,
			);
			runOnlyForDeploymentPostprocessing = 0;
		};
/* End PBXSourcesBuildPhase section */

/* Begin PBXTargetDependency section */
		CE427FAF1CCA0CD500F9D8D8 /* PBXTargetDependency */ = {
			isa = PBXTargetDependency;
			target = CE427F981CCA0CD500F9D8D8 /* PhotosGalleryTest */;
			targetProxy = CE427FAE1CCA0CD500F9D8D8 /* PBXContainerItemProxy */;
		};
		CE427FBA1CCA0CD500F9D8D8 /* PBXTargetDependency */ = {
			isa = PBXTargetDependency;
			target = CE427F981CCA0CD500F9D8D8 /* PhotosGalleryTest */;
			targetProxy = CE427FB91CCA0CD500F9D8D8 /* PBXContainerItemProxy */;
		};
/* End PBXTargetDependency section */

/* Begin PBXVariantGroup section */
		CE427FA01CCA0CD500F9D8D8 /* Main.storyboard */ = {
			isa = PBXVariantGroup;
			children = (
				CE427FA11CCA0CD500F9D8D8 /* Base */,
			);
			name = Main.storyboard;
			sourceTree = "<group>";
		};
		CE427FA51CCA0CD500F9D8D8 /* LaunchScreen.storyboard */ = {
			isa = PBXVariantGroup;
			children = (
				CE427FA61CCA0CD500F9D8D8 /* Base */,
			);
			name = LaunchScreen.storyboard;
			sourceTree = "<group>";
		};
/* End PBXVariantGroup section */

/* Begin XCBuildConfiguration section */
		CE427FBF1CCA0CD500F9D8D8 /* Debug */ = {
			isa = XCBuildConfiguration;
			buildSettings = {
				ALWAYS_SEARCH_USER_PATHS = NO;
				CLANG_ANALYZER_NONNULL = YES;
				CLANG_CXX_LANGUAGE_STANDARD = "gnu++0x";
				CLANG_CXX_LIBRARY = "libc++";
				CLANG_ENABLE_MODULES = YES;
				CLANG_ENABLE_OBJC_ARC = YES;
				CLANG_WARN_BOOL_CONVERSION = YES;
				CLANG_WARN_CONSTANT_CONVERSION = YES;
				CLANG_WARN_DIRECT_OBJC_ISA_USAGE = YES_ERROR;
				CLANG_WARN_EMPTY_BODY = YES;
				CLANG_WARN_ENUM_CONVERSION = YES;
				CLANG_WARN_INT_CONVERSION = YES;
				CLANG_WARN_OBJC_ROOT_CLASS = YES_ERROR;
				CLANG_WARN_UNREACHABLE_CODE = YES;
				CLANG_WARN__DUPLICATE_METHOD_MATCH = YES;
				"CODE_SIGN_IDENTITY[sdk=iphoneos*]" = "iPhone Developer";
				COPY_PHASE_STRIP = NO;
				DEBUG_INFORMATION_FORMAT = dwarf;
				ENABLE_STRICT_OBJC_MSGSEND = YES;
				ENABLE_TESTABILITY = YES;
				GCC_C_LANGUAGE_STANDARD = gnu99;
				GCC_DYNAMIC_NO_PIC = NO;
				GCC_NO_COMMON_BLOCKS = YES;
				GCC_OPTIMIZATION_LEVEL = 0;
				GCC_PREPROCESSOR_DEFINITIONS = (
					"DEBUG=1",
					"$(inherited)",
				);
				GCC_WARN_64_TO_32_BIT_CONVERSION = YES;
				GCC_WARN_ABOUT_RETURN_TYPE = YES_ERROR;
				GCC_WARN_UNDECLARED_SELECTOR = YES;
				GCC_WARN_UNINITIALIZED_AUTOS = YES_AGGRESSIVE;
				GCC_WARN_UNUSED_FUNCTION = YES;
				GCC_WARN_UNUSED_VARIABLE = YES;
				IPHONEOS_DEPLOYMENT_TARGET = 9.3;
				MTL_ENABLE_DEBUG_INFO = YES;
				ONLY_ACTIVE_ARCH = YES;
				SDKROOT = iphoneos;
				SWIFT_OPTIMIZATION_LEVEL = "-Onone";
				TARGETED_DEVICE_FAMILY = "1,2";
			};
			name = Debug;
		};
		CE427FC01CCA0CD500F9D8D8 /* Release */ = {
			isa = XCBuildConfiguration;
			buildSettings = {
				ALWAYS_SEARCH_USER_PATHS = NO;
				CLANG_ANALYZER_NONNULL = YES;
				CLANG_CXX_LANGUAGE_STANDARD = "gnu++0x";
				CLANG_CXX_LIBRARY = "libc++";
				CLANG_ENABLE_MODULES = YES;
				CLANG_ENABLE_OBJC_ARC = YES;
				CLANG_WARN_BOOL_CONVERSION = YES;
				CLANG_WARN_CONSTANT_CONVERSION = YES;
				CLANG_WARN_DIRECT_OBJC_ISA_USAGE = YES_ERROR;
				CLANG_WARN_EMPTY_BODY = YES;
				CLANG_WARN_ENUM_CONVERSION = YES;
				CLANG_WARN_INT_CONVERSION = YES;
				CLANG_WARN_OBJC_ROOT_CLASS = YES_ERROR;
				CLANG_WARN_UNREACHABLE_CODE = YES;
				CLANG_WARN__DUPLICATE_METHOD_MATCH = YES;
				"CODE_SIGN_IDENTITY[sdk=iphoneos*]" = "iPhone Developer";
				COPY_PHASE_STRIP = NO;
				DEBUG_INFORMATION_FORMAT = "dwarf-with-dsym";
				ENABLE_NS_ASSERTIONS = NO;
				ENABLE_STRICT_OBJC_MSGSEND = YES;
				GCC_C_LANGUAGE_STANDARD = gnu99;
				GCC_NO_COMMON_BLOCKS = YES;
				GCC_WARN_64_TO_32_BIT_CONVERSION = YES;
				GCC_WARN_ABOUT_RETURN_TYPE = YES_ERROR;
				GCC_WARN_UNDECLARED_SELECTOR = YES;
				GCC_WARN_UNINITIALIZED_AUTOS = YES_AGGRESSIVE;
				GCC_WARN_UNUSED_FUNCTION = YES;
				GCC_WARN_UNUSED_VARIABLE = YES;
				IPHONEOS_DEPLOYMENT_TARGET = 9.3;
				MTL_ENABLE_DEBUG_INFO = NO;
				SDKROOT = iphoneos;
				TARGETED_DEVICE_FAMILY = "1,2";
				VALIDATE_PRODUCT = YES;
			};
			name = Release;
		};
		CE427FC21CCA0CD500F9D8D8 /* Debug */ = {
			isa = XCBuildConfiguration;
			buildSettings = {
				ASSETCATALOG_COMPILER_APPICON_NAME = AppIcon;
				INFOPLIST_FILE = PhotosGalleryTest/Info.plist;
				LD_RUNPATH_SEARCH_PATHS = "$(inherited) @executable_path/Frameworks";
				PRODUCT_BUNDLE_IDENTIFIER = terryyamg.PhotosGalleryTest;
				PRODUCT_NAME = "$(TARGET_NAME)";
			};
			name = Debug;
		};
		CE427FC31CCA0CD500F9D8D8 /* Release */ = {
			isa = XCBuildConfiguration;
			buildSettings = {
				ASSETCATALOG_COMPILER_APPICON_NAME = AppIcon;
				INFOPLIST_FILE = PhotosGalleryTest/Info.plist;
				LD_RUNPATH_SEARCH_PATHS = "$(inherited) @executable_path/Frameworks";
				PRODUCT_BUNDLE_IDENTIFIER = terryyamg.PhotosGalleryTest;
				PRODUCT_NAME = "$(TARGET_NAME)";
			};
			name = Release;
		};
		CE427FC51CCA0CD500F9D8D8 /* Debug */ = {
			isa = XCBuildConfiguration;
			buildSettings = {
				BUNDLE_LOADER = "$(TEST_HOST)";
				INFOPLIST_FILE = PhotosGalleryTestTests/Info.plist;
				LD_RUNPATH_SEARCH_PATHS = "$(inherited) @executable_path/Frameworks @loader_path/Frameworks";
				PRODUCT_BUNDLE_IDENTIFIER = terryyamg.PhotosGalleryTestTests;
				PRODUCT_NAME = "$(TARGET_NAME)";
				TEST_HOST = "$(BUILT_PRODUCTS_DIR)/PhotosGalleryTest.app/PhotosGalleryTest";
			};
			name = Debug;
		};
		CE427FC61CCA0CD500F9D8D8 /* Release */ = {
			isa = XCBuildConfiguration;
			buildSettings = {
				BUNDLE_LOADER = "$(TEST_HOST)";
				INFOPLIST_FILE = PhotosGalleryTestTests/Info.plist;
				LD_RUNPATH_SEARCH_PATHS = "$(inherited) @executable_path/Frameworks @loader_path/Frameworks";
				PRODUCT_BUNDLE_IDENTIFIER = terryyamg.PhotosGalleryTestTests;
				PRODUCT_NAME = "$(TARGET_NAME)";
				TEST_HOST = "$(BUILT_PRODUCTS_DIR)/PhotosGalleryTest.app/PhotosGalleryTest";
			};
			name = Release;
		};
		CE427FC81CCA0CD500F9D8D8 /* Debug */ = {
			isa = XCBuildConfiguration;
			buildSettings = {
				INFOPLIST_FILE = PhotosGalleryTestUITests/Info.plist;
				LD_RUNPATH_SEARCH_PATHS = "$(inherited) @executable_path/Frameworks @loader_path/Frameworks";
				PRODUCT_BUNDLE_IDENTIFIER = terryyamg.PhotosGalleryTestUITests;
				PRODUCT_NAME = "$(TARGET_NAME)";
				TEST_TARGET_NAME = PhotosGalleryTest;
			};
			name = Debug;
		};
		CE427FC91CCA0CD500F9D8D8 /* Release */ = {
			isa = XCBuildConfiguration;
			buildSettings = {
				INFOPLIST_FILE = PhotosGalleryTestUITests/Info.plist;
				LD_RUNPATH_SEARCH_PATHS = "$(inherited) @executable_path/Frameworks @loader_path/Frameworks";
				PRODUCT_BUNDLE_IDENTIFIER = terryyamg.PhotosGalleryTestUITests;
				PRODUCT_NAME = "$(TARGET_NAME)";
				TEST_TARGET_NAME = PhotosGalleryTest;
			};
			name = Release;
		};
/* End XCBuildConfiguration section */

/* Begin XCConfigurationList section */
		CE427F941CCA0CD500F9D8D8 /* Build configuration list for PBXProject "PhotosGalleryTest" */ = {
			isa = XCConfigurationList;
			buildConfigurations = (
				CE427FBF1CCA0CD500F9D8D8 /* Debug */,
				CE427FC01CCA0CD500F9D8D8 /* Release */,
			);
			defaultConfigurationIsVisible = 0;
			defaultConfigurationName = Release;
		};
		CE427FC11CCA0CD500F9D8D8 /* Build configuration list for PBXNativeTarget "PhotosGalleryTest" */ = {
			isa = XCConfigurationList;
			buildConfigurations = (
				CE427FC21CCA0CD500F9D8D8 /* Debug */,
				CE427FC31CCA0CD500F9D8D8 /* Release */,
			);
			defaultConfigurationIsVisible = 0;
		};
		CE427FC41CCA0CD500F9D8D8 /* Build configuration list for PBXNativeTarget "PhotosGalleryTestTests" */ = {
			isa = XCConfigurationList;
			buildConfigurations = (
				CE427FC51CCA0CD500F9D8D8 /* Debug */,
				CE427FC61CCA0CD500F9D8D8 /* Release */,
			);
			defaultConfigurationIsVisible = 0;
		};
		CE427FC71CCA0CD500F9D8D8 /* Build configuration list for PBXNativeTarget "PhotosGalleryTestUITests" */ = {
			isa = XCConfigurationList;
			buildConfigurations = (
				CE427FC81CCA0CD500F9D8D8 /* Debug */,
				CE427FC91CCA0CD500F9D8D8 /* Release */,
			);
			defaultConfigurationIsVisible = 0;
		};
/* End XCConfigurationList section */
	};
	rootObject = CE427F911CCA0CD500F9D8D8 /* Project object */;
}
